
Microsoft Visual Studio Solution File, Format Version 12.00
# Visual Studio Version 17
VisualStudioVersion = 17.11.35312.102
MinimumVisualStudioVersion = 10.0.40219.1
Project("{9A19103F-16F7-4668-BE54-9A1E7A4F7556}") = "DataAccess", "DataAccess\DataAccess.csproj", "{9B1FBB4C-89B3-4E47-8CA6-172A2A49D67C}"
EndProject
Project("{9A19103F-16F7-4668-BE54-9A1E7A4F7556}") = "BusinessObject", "BusinessObject\BusinessObject.csproj", "{F4B1826A-7340-4D65-AFF6-DA75ADA75D59}"
EndProject
Project("{2150E333-8FDC-42A3-9474-1A3956D46DE8}") = "Repository", "Repository", "{CD0BB595-823B-41C6-B926-CBEA3AEE96F6}"
EndProject
Project("{2150E333-8FDC-42A3-9474-1A3956D46DE8}") = "Business", "Business", "{761AFED0-0E68-4304-9012-28BFD20D8E2D}"
EndProject
Project("{2150E333-8FDC-42A3-9474-1A3956D46DE8}") = "Presentation", "Presentation", "{1AF7157E-7D62-4897-BC91-9B5B62173C3C}"
EndProject
Project("{FAE04EC0-301F-11D3-BF4B-00C04F79EFBC}") = "Service", "Service\Service.csproj", "{6E0C78D9-D6A1-45DC-B98C-B53F7B00D75D}"
EndProject
Project("{FAE04EC0-301F-11D3-BF4B-00C04F79EFBC}") = "SaleWinApp", "SaleWinApp\SaleWinApp.csproj", "{354C9AD9-21F9-4D2E-8F75-C67A01D55D84}"
EndProject
Global
	GlobalSection(SolutionConfigurationPlatforms) = preSolution
		Debug|Any CPU = Debug|Any CPU
		Release|Any CPU = Release|Any CPU
	EndGlobalSection
	GlobalSection(ProjectConfigurationPlatforms) = postSolution
		{9B1FBB4C-89B3-4E47-8CA6-172A2A49D67C}.Debug|Any CPU.ActiveCfg = Debug|Any CPU
		{9B1FBB4C-89B3-4E47-8CA6-172A2A49D67C}.Debug|Any CPU.Build.0 = Debug|Any CPU
		{9B1FBB4C-89B3-4E47-8CA6-172A2A49D67C}.Release|Any CPU.ActiveCfg = Release|Any CPU
		{9B1FBB4C-89B3-4E47-8CA6-172A2A49D67C}.Release|Any CPU.Build.0 = Release|Any CPU
		{F4B1826A-7340-4D65-AFF6-DA75ADA75D59}.Debug|Any CPU.ActiveCfg = Debug|Any CPU
		{F4B1826A-7340-4D65-AFF6-DA75ADA75D59}.Debug|Any CPU.Build.0 = Debug|Any CPU
		{F4B1826A-7340-4D65-AFF6-DA75ADA75D59}.Release|Any CPU.ActiveCfg = Release|Any CPU
		{F4B1826A-7340-4D65-AFF6-DA75ADA75D59}.Release|Any CPU.Build.0 = Release|Any CPU
		{6E0C78D9-D6A1-45DC-B98C-B53F7B00D75D}.Debug|Any CPU.ActiveCfg = Debug|Any CPU
		{6E0C78D9-D6A1-45DC-B98C-B53F7B00D75D}.Debug|Any CPU.Build.0 = Debug|Any CPU
		{6E0C78D9-D6A1-45DC-B98C-B53F7B00D75D}.Release|Any CPU.ActiveCfg = Release|Any CPU
		{6E0C78D9-D6A1-45DC-B98C-B53F7B00D75D}.Release|Any CPU.Build.0 = Release|Any CPU
		{354C9AD9-21F9-4D2E-8F75-C67A01D55D84}.Debug|Any CPU.ActiveCfg = Debug|Any CPU
		{354C9AD9-21F9-4D2E-8F75-C67A01D55D84}.Debug|Any CPU.Build.0 = Debug|Any CPU
		{354C9AD9-21F9-4D2E-8F75-C67A01D55D84}.Release|Any CPU.ActiveCfg = Release|Any CPU
		{354C9AD9-21F9-4D2E-8F75-C67A01D55D84}.Release|Any CPU.Build.0 = Release|Any CPU
	EndGlobalSection
	GlobalSection(SolutionProperties) = preSolution
		HideSolutionNode = FALSE
	EndGlobalSection
	GlobalSection(NestedProjects) = preSolution
		{9B1FBB4C-89B3-4E47-8CA6-172A2A49D67C} = {CD0BB595-823B-41C6-B926-CBEA3AEE96F6}
		{F4B1826A-7340-4D65-AFF6-DA75ADA75D59} = {CD0BB595-823B-41C6-B926-CBEA3AEE96F6}
		{6E0C78D9-D6A1-45DC-B98C-B53F7B00D75D} = {761AFED0-0E68-4304-9012-28BFD20D8E2D}
		{354C9AD9-21F9-4D2E-8F75-C67A01D55D84} = {1AF7157E-7D62-4897-BC91-9B5B62173C3C}
	EndGlobalSection
	GlobalSection(ExtensibilityGlobals) = postSolution
		SolutionGuid = {FC21E974-F22F-4AD7-A459-99B3F3E36DE9}
	EndGlobalSection
EndGlobal
